// !$*UTF8*$!
{
	archiveVersion = 1;
	classes = {
	};
	objectVersion = 46;
	objects = {

/* Begin PBXBuildFile section */
		51550B6615AD13FA00DA1FFF /* Centers.plist in Resources */ = {isa = PBXBuildFile; fileRef = 51550B6515AD13FA00DA1FFF /* Centers.plist */; };
		51987E8115A8C30C00A6484A /* UIKit.framework in Frameworks */ = {isa = PBXBuildFile; fileRef = 51987E8015A8C30C00A6484A /* UIKit.framework */; };
		51987E8315A8C30C00A6484A /* Foundation.framework in Frameworks */ = {isa = PBXBuildFile; fileRef = 51987E8215A8C30C00A6484A /* Foundation.framework */; };
		51987E8515A8C30C00A6484A /* CoreGraphics.framework in Frameworks */ = {isa = PBXBuildFile; fileRef = 51987E8415A8C30C00A6484A /* CoreGraphics.framework */; };
		51987E8B15A8C30C00A6484A /* InfoPlist.strings in Resources */ = {isa = PBXBuildFile; fileRef = 51987E8915A8C30C00A6484A /* InfoPlist.strings */; };
		51987E8D15A8C30C00A6484A /* main.m in Sources */ = {isa = PBXBuildFile; fileRef = 51987E8C15A8C30C00A6484A /* main.m */; };
		51987E9115A8C30C00A6484A /* FlightViewerAppDelegate.m in Sources */ = {isa = PBXBuildFile; fileRef = 51987E9015A8C30C00A6484A /* FlightViewerAppDelegate.m */; };
		51987E9415A8C30C00A6484A /* MainStoryboard_iPhone.storyboard in Resources */ = {isa = PBXBuildFile; fileRef = 51987E9215A8C30C00A6484A /* MainStoryboard_iPhone.storyboard */; };
		51987E9715A8C30C00A6484A /* MainStoryboard_iPad.storyboard in Resources */ = {isa = PBXBuildFile; fileRef = 51987E9515A8C30C00A6484A /* MainStoryboard_iPad.storyboard */; };
		51987E9A15A8C30C00A6484A /* FVFlightPlanDetailViewController.m in Sources */ = {isa = PBXBuildFile; fileRef = 51987E9915A8C30C00A6484A /* FVFlightPlanDetailViewController.m */; };
		51987EAD15A923EF00A6484A /* FVMapViewController.m in Sources */ = {isa = PBXBuildFile; fileRef = 51987EAC15A923EF00A6484A /* FVMapViewController.m */; };
		51987EB015A9241000A6484A /* FVGraphViewController.m in Sources */ = {isa = PBXBuildFile; fileRef = 51987EAF15A9241000A6484A /* FVGraphViewController.m */; };
		51987EB615A9277D00A6484A /* FVSubViewGraph.m in Sources */ = {isa = PBXBuildFile; fileRef = 51987EB515A9277D00A6484A /* FVSubViewGraph.m */; };
		51987EBD15AA2C0B00A6484A /* MapKit.framework in Frameworks */ = {isa = PBXBuildFile; fileRef = 51987EBC15AA2C0B00A6484A /* MapKit.framework */; };
		51987EBF15AA365E00A6484A /* CoreLocation.framework in Frameworks */ = {isa = PBXBuildFile; fileRef = 51987EBE15AA365E00A6484A /* CoreLocation.framework */; };
		51CF84C315B899BA00A282A2 /* FlightPlanModel.xcdatamodeld in Sources */ = {isa = PBXBuildFile; fileRef = 51CF84C115B899BA00A282A2 /* FlightPlanModel.xcdatamodeld */; };
		51CF84D415B89C8B00A282A2 /* CoreDataTableViewController.m in Sources */ = {isa = PBXBuildFile; fileRef = 51CF84D315B89C8B00A282A2 /* CoreDataTableViewController.m */; };
		51CF84E115B8A65800A282A2 /* RoutePoint.m in Sources */ = {isa = PBXBuildFile; fileRef = 51CF84E015B8A65800A282A2 /* RoutePoint.m */; };
		51CF84E415B8A68D00A282A2 /* FlightInfo.m in Sources */ = {isa = PBXBuildFile; fileRef = 51CF84E315B8A68D00A282A2 /* FlightInfo.m */; };
		51CF84E615B8B54F00A282A2 /* CoreData.framework in Frameworks */ = {isa = PBXBuildFile; fileRef = 51CF84E515B8B54E00A282A2 /* CoreData.framework */; };
		51E4955C15B061F40047C950 /* FVFlightPlanSelectionViewController.m in Sources */ = {isa = PBXBuildFile; fileRef = 51E4955B15B061F40047C950 /* FVFlightPlanSelectionViewController.m */; };
		51E4956315B075F60047C950 /* delta.png in Resources */ = {isa = PBXBuildFile; fileRef = 51E4956215B075F60047C950 /* delta.png */; };
		51EFCE2015BDA913003F7951 /* FlightViewer.sqlite in Resources */ = {isa = PBXBuildFile; fileRef = 51EFCE1F15BDA913003F7951 /* FlightViewer.sqlite */; };
/* End PBXBuildFile section */

/* Begin PBXFileReference section */
		51550B6515AD13FA00DA1FFF /* Centers.plist */ = {isa = PBXFileReference; fileEncoding = 4; lastKnownFileType = text.plist.xml; path = Centers.plist; sourceTree = "<group>"; };
		51987E7C15A8C30C00A6484A /* FlightViewer.app */ = {isa = PBXFileReference; explicitFileType = wrapper.application; includeInIndex = 0; path = FlightViewer.app; sourceTree = BUILT_PRODUCTS_DIR; };
		51987E8015A8C30C00A6484A /* UIKit.framework */ = {isa = PBXFileReference; lastKnownFileType = wrapper.framework; name = UIKit.framework; path = System/Library/Frameworks/UIKit.framework; sourceTree = SDKROOT; };
		51987E8215A8C30C00A6484A /* Foundation.framework */ = {isa = PBXFileReference; lastKnownFileType = wrapper.framework; name = Foundation.framework; path = System/Library/Frameworks/Foundation.framework; sourceTree = SDKROOT; };
		51987E8415A8C30C00A6484A /* CoreGraphics.framework */ = {isa = PBXFileReference; lastKnownFileType = wrapper.framework; name = CoreGraphics.framework; path = System/Library/Frameworks/CoreGraphics.framework; sourceTree = SDKROOT; };
		51987E8815A8C30C00A6484A /* FlightViewer-Info.plist */ = {isa = PBXFileReference; lastKnownFileType = text.plist.xml; path = "FlightViewer-Info.plist"; sourceTree = "<group>"; };
		51987E8A15A8C30C00A6484A /* en */ = {isa = PBXFileReference; lastKnownFileType = text.plist.strings; name = en; path = en.lproj/InfoPlist.strings; sourceTree = "<group>"; };
		51987E8C15A8C30C00A6484A /* main.m */ = {isa = PBXFileReference; lastKnownFileType = sourcecode.c.objc; path = main.m; sourceTree = "<group>"; };
		51987E8E15A8C30C00A6484A /* FlightViewer-Prefix.pch */ = {isa = PBXFileReference; lastKnownFileType = sourcecode.c.h; path = "FlightViewer-Prefix.pch"; sourceTree = "<group>"; };
		51987E8F15A8C30C00A6484A /* FlightViewerAppDelegate.h */ = {isa = PBXFileReference; lastKnownFileType = sourcecode.c.h; path = FlightViewerAppDelegate.h; sourceTree = "<group>"; };
		51987E9015A8C30C00A6484A /* FlightViewerAppDelegate.m */ = {isa = PBXFileReference; lastKnownFileType = sourcecode.c.objc; path = FlightViewerAppDelegate.m; sourceTree = "<group>"; };
		51987E9315A8C30C00A6484A /* en */ = {isa = PBXFileReference; lastKnownFileType = file.storyboard; name = en; path = en.lproj/MainStoryboard_iPhone.storyboard; sourceTree = "<group>"; };
		51987E9615A8C30C00A6484A /* en */ = {isa = PBXFileReference; lastKnownFileType = file.storyboard; name = en; path = en.lproj/MainStoryboard_iPad.storyboard; sourceTree = "<group>"; };
		51987E9815A8C30C00A6484A /* FVFlightPlanDetailViewController.h */ = {isa = PBXFileReference; path = FVFlightPlanDetailViewController.h; sourceTree = "<group>"; };
		51987E9915A8C30C00A6484A /* FVFlightPlanDetailViewController.m */ = {isa = PBXFileReference; lastKnownFileType = sourcecode.c.objc; path = FVFlightPlanDetailViewController.m; sourceTree = "<group>"; };
		51987EAB15A923EF00A6484A /* FVMapViewController.h */ = {isa = PBXFileReference; fileEncoding = 4; path = FVMapViewController.h; sourceTree = "<group>"; };
		51987EAC15A923EF00A6484A /* FVMapViewController.m */ = {isa = PBXFileReference; fileEncoding = 4; lastKnownFileType = sourcecode.c.objc; path = FVMapViewController.m; sourceTree = "<group>"; };
		51987EAE15A9241000A6484A /* FVGraphViewController.h */ = {isa = PBXFileReference; fileEncoding = 4; path = FVGraphViewController.h; sourceTree = "<group>"; };
		51987EAF15A9241000A6484A /* FVGraphViewController.m */ = {isa = PBXFileReference; fileEncoding = 4; lastKnownFileType = sourcecode.c.objc; path = FVGraphViewController.m; sourceTree = "<group>"; };
		51987EB415A9277D00A6484A /* FVSubViewGraph.h */ = {isa = PBXFileReference; fileEncoding = 4; path = FVSubViewGraph.h; sourceTree = "<group>"; };
		51987EB515A9277D00A6484A /* FVSubViewGraph.m */ = {isa = PBXFileReference; fileEncoding = 4; lastKnownFileType = sourcecode.c.objc; path = FVSubViewGraph.m; sourceTree = "<group>"; };
		51987EBC15AA2C0B00A6484A /* MapKit.framework */ = {isa = PBXFileReference; lastKnownFileType = wrapper.framework; name = MapKit.framework; path = System/Library/Frameworks/MapKit.framework; sourceTree = SDKROOT; };
		51987EBE15AA365E00A6484A /* CoreLocation.framework */ = {isa = PBXFileReference; lastKnownFileType = wrapper.framework; name = CoreLocation.framework; path = System/Library/Frameworks/CoreLocation.framework; sourceTree = SDKROOT; };
		51CF84C215B899BA00A282A2 /* FlightPlanModel.xcdatamodel */ = {isa = PBXFileReference; lastKnownFileType = wrapper.xcdatamodel; path = FlightPlanModel.xcdatamodel; sourceTree = "<group>"; };
		51CF84D215B89C8B00A282A2 /* CoreDataTableViewController.h */ = {isa = PBXFileReference; fileEncoding = 4; lastKnownFileType = sourcecode.c.h; name = CoreDataTableViewController.h; path = ../CoreDataTableViewController.h; sourceTree = "<group>"; };
		51CF84D315B89C8B00A282A2 /* CoreDataTableViewController.m */ = {isa = PBXFileReference; fileEncoding = 4; lastKnownFileType = sourcecode.c.objc; name = CoreDataTableViewController.m; path = ../CoreDataTableViewController.m; sourceTree = "<group>"; };
		51CF84DF15B8A65800A282A2 /* RoutePoint.h */ = {isa = PBXFileReference; fileEncoding = 4; lastKnownFileType = sourcecode.c.h; name = RoutePoint.h; path = FlightViewer/RoutePoint.h; sourceTree = "<group>"; };
		51CF84E015B8A65800A282A2 /* RoutePoint.m */ = {isa = PBXFileReference; fileEncoding = 4; lastKnownFileType = sourcecode.c.objc; name = RoutePoint.m; path = FlightViewer/RoutePoint.m; sourceTree = "<group>"; };
		51CF84E215B8A68D00A282A2 /* FlightInfo.h */ = {isa = PBXFileReference; fileEncoding = 4; lastKnownFileType = sourcecode.c.h; name = FlightInfo.h; path = FlightViewer/FlightInfo.h; sourceTree = "<group>"; };
		51CF84E315B8A68D00A282A2 /* FlightInfo.m */ = {isa = PBXFileReference; fileEncoding = 4; lastKnownFileType = sourcecode.c.objc; name = FlightInfo.m; path = FlightViewer/FlightInfo.m; sourceTree = "<group>"; };
		51CF84E515B8B54E00A282A2 /* CoreData.framework */ = {isa = PBXFileReference; lastKnownFileType = wrapper.framework; name = CoreData.framework; path = System/Library/Frameworks/CoreData.framework; sourceTree = SDKROOT; };
		51E4955A15B061F40047C950 /* FVFlightPlanSelectionViewController.h */ = {isa = PBXFileReference; fileEncoding = 4; path = FVFlightPlanSelectionViewController.h; sourceTree = "<group>"; };
		51E4955B15B061F40047C950 /* FVFlightPlanSelectionViewController.m */ = {isa = PBXFileReference; fileEncoding = 4; lastKnownFileType = sourcecode.c.objc; path = FVFlightPlanSelectionViewController.m; sourceTree = "<group>"; };
		51E4956215B075F60047C950 /* delta.png */ = {isa = PBXFileReference; lastKnownFileType = image.png; path = delta.png; sourceTree = "<group>"; };
		51EFCE1F15BDA913003F7951 /* FlightViewer.sqlite */ = {isa = PBXFileReference; lastKnownFileType = file; path = FlightViewer.sqlite; sourceTree = "<group>"; };
/* End PBXFileReference section */

/* Begin PBXFrameworksBuildPhase section */
		51987E7915A8C30C00A6484A /* Frameworks */ = {
			isa = PBXFrameworksBuildPhase;
			buildActionMask = 2147483647;
			files = (
				51CF84E615B8B54F00A282A2 /* CoreData.framework in Frameworks */,
				51987EBF15AA365E00A6484A /* CoreLocation.framework in Frameworks */,
				51987EBD15AA2C0B00A6484A /* MapKit.framework in Frameworks */,
				51987E8115A8C30C00A6484A /* UIKit.framework in Frameworks */,
				51987E8315A8C30C00A6484A /* Foundation.framework in Frameworks */,
				51987E8515A8C30C00A6484A /* CoreGraphics.framework in Frameworks */,
			);
			runOnlyForDeploymentPostprocessing = 0;
		};
/* End PBXFrameworksBuildPhase section */

/* Begin PBXGroup section */
		51987E7115A8C30C00A6484A = {
			isa = PBXGroup;
			children = (
				824A1BF415BDD88F006AC55F /* Data */,
				51987E8615A8C30C00A6484A /* FlightViewer */,
				51987E7F15A8C30C00A6484A /* Frameworks */,
				51987E7D15A8C30C00A6484A /* Products */,
			);
			sourceTree = "<group>";
		};
		51987E7D15A8C30C00A6484A /* Products */ = {
			isa = PBXGroup;
			children = (
				51987E7C15A8C30C00A6484A /* FlightViewer.app */,
			);
			name = Products;
			sourceTree = "<group>";
		};
		51987E7F15A8C30C00A6484A /* Frameworks */ = {
			isa = PBXGroup;
			children = (
				51CF84E515B8B54E00A282A2 /* CoreData.framework */,
				51987EBE15AA365E00A6484A /* CoreLocation.framework */,
				51987EBC15AA2C0B00A6484A /* MapKit.framework */,
				51987E8015A8C30C00A6484A /* UIKit.framework */,
				51987E8215A8C30C00A6484A /* Foundation.framework */,
				51987E8415A8C30C00A6484A /* CoreGraphics.framework */,
			);
			name = Frameworks;
			sourceTree = "<group>";
		};
		51987E8615A8C30C00A6484A /* FlightViewer */ = {
			isa = PBXGroup;
			children = (
				51987E8F15A8C30C00A6484A /* FlightViewerAppDelegate.h */,
				51987E9015A8C30C00A6484A /* FlightViewerAppDelegate.m */,
				51987E9215A8C30C00A6484A /* MainStoryboard_iPhone.storyboard */,
				51987E9515A8C30C00A6484A /* MainStoryboard_iPad.storyboard */,
				51987E9815A8C30C00A6484A /* FVFlightPlanDetailViewController.h */,
				51987E9915A8C30C00A6484A /* FVFlightPlanDetailViewController.m */,
				51E4955A15B061F40047C950 /* FVFlightPlanSelectionViewController.h */,
				51E4955B15B061F40047C950 /* FVFlightPlanSelectionViewController.m */,
				51987EBA15AA2B8C00A6484A /* Flight Path */,
				51987EBB15AA2BAA00A6484A /* Graph */,
				51987E8715A8C30C00A6484A /* Supporting Files */,
			);
			path = FlightViewer;
			sourceTree = "<group>";
		};
		51987E8715A8C30C00A6484A /* Supporting Files */ = {
			isa = PBXGroup;
			children = (
				51CF84D215B89C8B00A282A2 /* CoreDataTableViewController.h */,
				51CF84D315B89C8B00A282A2 /* CoreDataTableViewController.m */,
				51EFCE1F15BDA913003F7951 /* FlightViewer.sqlite */,
				51E4956215B075F60047C950 /* delta.png */,
				51550B6515AD13FA00DA1FFF /* Centers.plist */,
				51987E8815A8C30C00A6484A /* FlightViewer-Info.plist */,
				51987E8915A8C30C00A6484A /* InfoPlist.strings */,
				51987E8C15A8C30C00A6484A /* main.m */,
				51987E8E15A8C30C00A6484A /* FlightViewer-Prefix.pch */,
			);
			name = "Supporting Files";
			sourceTree = "<group>";
		};
		51987EBA15AA2B8C00A6484A /* Flight Path */ = {
			isa = PBXGroup;
			children = (
				51987EAB15A923EF00A6484A /* FVMapViewController.h */,
				51987EAC15A923EF00A6484A /* FVMapViewController.m */,
			);
			name = "Flight Path";
			sourceTree = "<group>";
		};
		51987EBB15AA2BAA00A6484A /* Graph */ = {
			isa = PBXGroup;
			children = (
				51987EAE15A9241000A6484A /* FVGraphViewController.h */,
				51987EAF15A9241000A6484A /* FVGraphViewController.m */,
				51987EB415A9277D00A6484A /* FVSubViewGraph.h */,
				51987EB515A9277D00A6484A /* FVSubViewGraph.m */,
			);
			name = Graph;
			sourceTree = "<group>";
		};
		824A1BF415BDD88F006AC55F /* Data */ = {
			isa = PBXGroup;
			children = (
				51CF84DF15B8A65800A282A2 /* RoutePoint.h */,
				51CF84E015B8A65800A282A2 /* RoutePoint.m */,
				51CF84C115B899BA00A282A2 /* FlightPlanModel.xcdatamodeld */,
				51CF84E215B8A68D00A282A2 /* FlightInfo.h */,
				51CF84E315B8A68D00A282A2 /* FlightInfo.m */,
			);
			name = Data;
			sourceTree = "<group>";
		};
/* End PBXGroup section */

/* Begin PBXNativeTarget section */
		51987E7B15A8C30C00A6484A /* FlightViewer */ = {
			isa = PBXNativeTarget;
			buildConfigurationList = 51987E9D15A8C30C00A6484A /* Build configuration list for PBXNativeTarget "FlightViewer" */;
			buildPhases = (
				51987E7815A8C30C00A6484A /* Sources */,
				51987E7915A8C30C00A6484A /* Frameworks */,
				51987E7A15A8C30C00A6484A /* Resources */,
			);
			buildRules = (
			);
			dependencies = (
			);
			name = FlightViewer;
			productName = FlightViewer;
			productReference = 51987E7C15A8C30C00A6484A /* FlightViewer.app */;
			productType = "com.apple.product-type.application";
		};
/* End PBXNativeTarget section */

/* Begin PBXProject section */
		51987E7315A8C30C00A6484A /* Project object */ = {
			isa = PBXProject;
			attributes = {
				CLASSPREFIX = FlightViewer;
				LastUpgradeCheck = 0430;
			};
			buildConfigurationList = 51987E7615A8C30C00A6484A /* Build configuration list for PBXProject "FlightViewer" */;
			compatibilityVersion = "Xcode 3.2";
			developmentRegion = English;
			hasScannedForEncodings = 0;
			knownRegions = (
				en,
			);
			mainGroup = 51987E7115A8C30C00A6484A;
			productRefGroup = 51987E7D15A8C30C00A6484A /* Products */;
			projectDirPath = "";
			projectRoot = "";
			targets = (
				51987E7B15A8C30C00A6484A /* FlightViewer */,
			);
		};
/* End PBXProject section */

/* Begin PBXResourcesBuildPhase section */
		51987E7A15A8C30C00A6484A /* Resources */ = {
			isa = PBXResourcesBuildPhase;
			buildActionMask = 2147483647;
			files = (
				51987E8B15A8C30C00A6484A /* InfoPlist.strings in Resources */,
				51987E9415A8C30C00A6484A /* MainStoryboard_iPhone.storyboard in Resources */,
				51987E9715A8C30C00A6484A /* MainStoryboard_iPad.storyboard in Resources */,
				51550B6615AD13FA00DA1FFF /* Centers.plist in Resources */,
				51E4956315B075F60047C950 /* delta.png in Resources */,
				51EFCE2015BDA913003F7951 /* FlightViewer.sqlite in Resources */,
			);
			runOnlyForDeploymentPostprocessing = 0;
		};
/* End PBXResourcesBuildPhase section */

/* Begin PBXSourcesBuildPhase section */
		51987E7815A8C30C00A6484A /* Sources */ = {
			isa = PBXSourcesBuildPhase;
			buildActionMask = 2147483647;
			files = (
				51987E8D15A8C30C00A6484A /* main.m in Sources */,
				51987E9115A8C30C00A6484A /* FlightViewerAppDelegate.m in Sources */,
				51987E9A15A8C30C00A6484A /* FVFlightPlanDetailViewController.m in Sources */,
				51987EAD15A923EF00A6484A /* FVMapViewController.m in Sources */,
				51987EB015A9241000A6484A /* FVGraphViewController.m in Sources */,
				51987EB615A9277D00A6484A /* FVSubViewGraph.m in Sources */,
				51E4955C15B061F40047C950 /* FVFlightPlanSelectionViewController.m in Sources */,
				51CF84C315B899BA00A282A2 /* FlightPlanModel.xcdatamodeld in Sources */,
				51CF84D415B89C8B00A282A2 /* CoreDataTableViewController.m in Sources */,
				51CF84E115B8A65800A282A2 /* RoutePoint.m in Sources */,
				51CF84E415B8A68D00A282A2 /* FlightInfo.m in Sources */,
			);
			runOnlyForDeploymentPostprocessing = 0;
		};
/* End PBXSourcesBuildPhase section */

/* Begin PBXVariantGroup section */
		51987E8915A8C30C00A6484A /* InfoPlist.strings */ = {
			isa = PBXVariantGroup;
			children = (
				51987E8A15A8C30C00A6484A /* en */,
			);
			name = InfoPlist.strings;
			sourceTree = "<group>";
		};
		51987E9215A8C30C00A6484A /* MainStoryboard_iPhone.storyboard */ = {
			isa = PBXVariantGroup;
			children = (
				51987E9315A8C30C00A6484A /* en */,
			);
			name = MainStoryboard_iPhone.storyboard;
			sourceTree = "<group>";
		};
		51987E9515A8C30C00A6484A /* MainStoryboard_iPad.storyboard */ = {
			isa = PBXVariantGroup;
			children = (
				51987E9615A8C30C00A6484A /* en */,
			);
			name = MainStoryboard_iPad.storyboard;
			sourceTree = "<group>";
		};
/* End PBXVariantGroup section */

/* Begin XCBuildConfiguration section */
		51987E9B15A8C30C00A6484A /* Debug */ = {
			isa = XCBuildConfiguration;
			buildSettings = {
				ALWAYS_SEARCH_USER_PATHS = NO;
				ARCHS = "$(ARCHS_STANDARD_32_BIT)";
				CLANG_ENABLE_OBJC_ARC = YES;
				CODE_SIGN_IDENTITY = "iPhone Developer";
				"CODE_SIGN_IDENTITY[sdk=iphoneos*]" = "iPhone Developer";
				COPY_PHASE_STRIP = NO;
				GCC_C_LANGUAGE_STANDARD = gnu99;
				GCC_DYNAMIC_NO_PIC = NO;
				GCC_OPTIMIZATION_LEVEL = 0;
				GCC_PREPROCESSOR_DEFINITIONS = (
					"DEBUG=1",
					"$(inherited)",
				);
				GCC_SYMBOLS_PRIVATE_EXTERN = NO;
				GCC_VERSION = com.apple.compilers.llvm.clang.1_0;
				GCC_WARN_ABOUT_RETURN_TYPE = YES;
				GCC_WARN_UNINITIALIZED_AUTOS = YES;
				GCC_WARN_UNUSED_VARIABLE = YES;
				IPHONEOS_DEPLOYMENT_TARGET = 5.1;
				PROVISIONING_PROFILE = "";
				SDKROOT = iphoneos;
				TARGETED_DEVICE_FAMILY = "1,2";
			};
			name = Debug;
		};
		51987E9C15A8C30C00A6484A /* Release */ = {
			isa = XCBuildConfiguration;
			buildSettings = {
				ALWAYS_SEARCH_USER_PATHS = NO;
				ARCHS = "$(ARCHS_STANDARD_32_BIT)";
				CLANG_ENABLE_OBJC_ARC = YES;
				CODE_SIGN_IDENTITY = "iPhone Developer";
				"CODE_SIGN_IDENTITY[sdk=iphoneos*]" = "iPhone Developer";
				COPY_PHASE_STRIP = YES;
				GCC_C_LANGUAGE_STANDARD = gnu99;
				GCC_VERSION = com.apple.compilers.llvm.clang.1_0;
				GCC_WARN_ABOUT_RETURN_TYPE = YES;
				GCC_WARN_UNINITIALIZED_AUTOS = YES;
				GCC_WARN_UNUSED_VARIABLE = YES;
				IPHONEOS_DEPLOYMENT_TARGET = 5.1;
				OTHER_CFLAGS = "-DNS_BLOCK_ASSERTIONS=1";
				PROVISIONING_PROFILE = "";
				SDKROOT = iphoneos;
				TARGETED_DEVICE_FAMILY = "1,2";
				VALIDATE_PRODUCT = YES;
			};
			name = Release;
		};
		51987E9E15A8C30C00A6484A /* Debug */ = {
			isa = XCBuildConfiguration;
			buildSettings = {
				CODE_SIGN_IDENTITY = "iPhone Developer";
				GCC_PRECOMPILE_PREFIX_HEADER = YES;
				GCC_PREFIX_HEADER = "FlightViewer/FlightViewer-Prefix.pch";
				INFOPLIST_FILE = "FlightViewer/FlightViewer-Info.plist";
				PRODUCT_NAME = "$(TARGET_NAME)";
				PROVISIONING_PROFILE = "";
				WRAPPER_EXTENSION = app;
			};
			name = Debug;
		};
		51987E9F15A8C30C00A6484A /* Release */ = {
			isa = XCBuildConfiguration;
			buildSettings = {
				CODE_SIGN_IDENTITY = "iPhone Developer";
				GCC_PRECOMPILE_PREFIX_HEADER = YES;
				GCC_PREFIX_HEADER = "FlightViewer/FlightViewer-Prefix.pch";
				INFOPLIST_FILE = "FlightViewer/FlightViewer-Info.plist";
				PRODUCT_NAME = "$(TARGET_NAME)";
				PROVISIONING_PROFILE = "";
				WRAPPER_EXTENSION = app;
			};
			name = Release;
		};
/* End XCBuildConfiguration section */

/* Begin XCConfigurationList section */
		51987E7615A8C30C00A6484A /* Build configuration list for PBXProject "FlightViewer" */ = {
			isa = XCConfigurationList;
			buildConfigurations = (
				51987E9B15A8C30C00A6484A /* Debug */,
				51987E9C15A8C30C00A6484A /* Release */,
			);
			defaultConfigurationIsVisible = 0;
			defaultConfigurationName = Release;
		};
		51987E9D15A8C30C00A6484A /* Build configuration list for PBXNativeTarget "FlightViewer" */ = {
			isa = XCConfigurationList;
			buildConfigurations = (
				51987E9E15A8C30C00A6484A /* Debug */,
				51987E9F15A8C30C00A6484A /* Release */,
			);
			defaultConfigurationIsVisible = 0;
			defaultConfigurationName = Release;
		};
/* End XCConfigurationList section */

/* Begin XCVersionGroup section */
		51CF84C115B899BA00A282A2 /* FlightPlanModel.xcdatamodeld */ = {
			isa = XCVersionGroup;
			children = (
				51CF84C215B899BA00A282A2 /* FlightPlanModel.xcdatamodel */,
			);
			currentVersion = 51CF84C215B899BA00A282A2 /* FlightPlanModel.xcdatamodel */;
			path = FlightPlanModel.xcdatamodeld;
			sourceTree = "<group>";
			versionGroupType = wrapper.xcdatamodel;
		};
/* End XCVersionGroup section */
	};
	rootObject = 51987E7315A8C30C00A6484A /* Project object */;
}
